
Microsoft Visual Studio Solution File, Format Version 12.00
# Visual Studio Version 17
VisualStudioVersion = 17.12.35707.178 d17.12
MinimumVisualStudioVersion = 10.0.40219.1
Project("{FAE04EC0-301F-11D3-BF4B-00C04F79EFBC}") = "eduHillelHW7_Demchenko_TicTacToe", "eduHillelHW7_Demchenko_TicTacToe\eduHillelHW7_Demchenko_TicTacToe.csproj", "{96B754E9-A023-4EFA-9B7E-20B53687B44F}"
EndProject
Global
	GlobalSection(SolutionConfigurationPlatforms) = preSolution
		Debug|Any CPU = Debug|Any CPU
		Release|Any CPU = Release|Any CPU
	EndGlobalSection
	GlobalSection(ProjectConfigurationPlatforms) = postSolution
		{96B754E9-A023-4EFA-9B7E-20B53687B44F}.Debug|Any CPU.ActiveCfg = Debug|Any CPU
		{96B754E9-A023-4EFA-9B7E-20B53687B44F}.Debug|Any CPU.Build.0 = Debug|Any CPU
		{96B754E9-A023-4EFA-9B7E-20B53687B44F}.Release|Any CPU.ActiveCfg = Release|Any CPU
		{96B754E9-A023-4EFA-9B7E-20B53687B44F}.Release|Any CPU.Build.0 = Release|Any CPU
	EndGlobalSection
	GlobalSection(SolutionProperties) = preSolution
		HideSolutionNode = FALSE
	EndGlobalSection
EndGlobal
